// !$*UTF8*$!
{
	archiveVersion = 1;
	classes = {
	};
	objectVersion = 48;
	objects = {

/* Begin PBXBuildFile section */
		847299FE2081324200702369 /* Extensions.swift in Sources */ = {isa = PBXBuildFile; fileRef = 847299FD2081324200702369 /* Extensions.swift */; };
		84885A822081169100835F46 /* AppDelegate.swift in Sources */ = {isa = PBXBuildFile; fileRef = 84885A812081169100835F46 /* AppDelegate.swift */; };
		84885A842081169100835F46 /* ViewController.swift in Sources */ = {isa = PBXBuildFile; fileRef = 84885A832081169100835F46 /* ViewController.swift */; };
		84885A872081169100835F46 /* Main.storyboard in Resources */ = {isa = PBXBuildFile; fileRef = 84885A852081169100835F46 /* Main.storyboard */; };
		84885A892081169100835F46 /* Assets.xcassets in Resources */ = {isa = PBXBuildFile; fileRef = 84885A882081169100835F46 /* Assets.xcassets */; };
		84885A8C2081169100835F46 /* LaunchScreen.storyboard in Resources */ = {isa = PBXBuildFile; fileRef = 84885A8A2081169100835F46 /* LaunchScreen.storyboard */; };
		84885A9620811BC800835F46 /* GenericInfoTableViewData.swift in Sources */ = {isa = PBXBuildFile; fileRef = 84885A9520811BC800835F46 /* GenericInfoTableViewData.swift */; };
		84885A9920811C3800835F46 /* BasicInfoSelectionCell.swift in Sources */ = {isa = PBXBuildFile; fileRef = 84885A9820811C3800835F46 /* BasicInfoSelectionCell.swift */; };
		84885A9D20811D0700835F46 /* GenericInfoSelectionViewController.swift in Sources */ = {isa = PBXBuildFile; fileRef = 84885A9C20811D0700835F46 /* GenericInfoSelectionViewController.swift */; };
		84885AA020811E6900835F46 /* Gender.swift in Sources */ = {isa = PBXBuildFile; fileRef = 84885A9F20811E6900835F46 /* Gender.swift */; };
		84885AA220811E7300835F46 /* RelationshipStatus.swift in Sources */ = {isa = PBXBuildFile; fileRef = 84885AA120811E7300835F46 /* RelationshipStatus.swift */; };
		84885AA420811E7C00835F46 /* Ethnicity.swift in Sources */ = {isa = PBXBuildFile; fileRef = 84885AA320811E7C00835F46 /* Ethnicity.swift */; };
		84885AA620811E8500835F46 /* Hobby.swift in Sources */ = {isa = PBXBuildFile; fileRef = 84885AA520811E8500835F46 /* Hobby.swift */; };
		84885AAC2081210D00835F46 /* HobbySelectionViewController.swift in Sources */ = {isa = PBXBuildFile; fileRef = 84885AAB2081210D00835F46 /* HobbySelectionViewController.swift */; };
		84885AAE2081212000835F46 /* EthnicitySelectionViewController.swift in Sources */ = {isa = PBXBuildFile; fileRef = 84885AAD2081212000835F46 /* EthnicitySelectionViewController.swift */; };
		84885AB02081213000835F46 /* RelationshipStatusSelectionViewController.swift in Sources */ = {isa = PBXBuildFile; fileRef = 84885AAF2081213000835F46 /* RelationshipStatusSelectionViewController.swift */; };
		84885AB22081214100835F46 /* GenderSelectionViewController.swift in Sources */ = {isa = PBXBuildFile; fileRef = 84885AB12081214100835F46 /* GenderSelectionViewController.swift */; };
		84885AB4208121F600835F46 /* HobbyTableViewData.swift in Sources */ = {isa = PBXBuildFile; fileRef = 84885AB3208121F600835F46 /* HobbyTableViewData.swift */; };
		84885AB62081220800835F46 /* EthnicityTableViewData.swift in Sources */ = {isa = PBXBuildFile; fileRef = 84885AB52081220800835F46 /* EthnicityTableViewData.swift */; };
		84885AB82081221500835F46 /* RelationshipStatusTableViewData.swift in Sources */ = {isa = PBXBuildFile; fileRef = 84885AB72081221500835F46 /* RelationshipStatusTableViewData.swift */; };
		84885ABA2081221F00835F46 /* GenderTableViewData.swift in Sources */ = {isa = PBXBuildFile; fileRef = 84885AB92081221F00835F46 /* GenderTableViewData.swift */; };
/* End PBXBuildFile section */

/* Begin PBXFileReference section */
		847299FD2081324200702369 /* Extensions.swift */ = {isa = PBXFileReference; lastKnownFileType = sourcecode.swift; path = Extensions.swift; sourceTree = "<group>"; };
		84885A7E2081169100835F46 /* GenericInfoSelectionViewController.app */ = {isa = PBXFileReference; explicitFileType = wrapper.application; includeInIndex = 0; path = GenericInfoSelectionViewController.app; sourceTree = BUILT_PRODUCTS_DIR; };
		84885A812081169100835F46 /* AppDelegate.swift */ = {isa = PBXFileReference; lastKnownFileType = sourcecode.swift; path = AppDelegate.swift; sourceTree = "<group>"; };
		84885A832081169100835F46 /* ViewController.swift */ = {isa = PBXFileReference; lastKnownFileType = sourcecode.swift; path = ViewController.swift; sourceTree = "<group>"; };
		84885A862081169100835F46 /* Base */ = {isa = PBXFileReference; lastKnownFileType = file.storyboard; name = Base; path = Base.lproj/Main.storyboard; sourceTree = "<group>"; };
		84885A882081169100835F46 /* Assets.xcassets */ = {isa = PBXFileReference; lastKnownFileType = folder.assetcatalog; path = Assets.xcassets; sourceTree = "<group>"; };
		84885A8B2081169100835F46 /* Base */ = {isa = PBXFileReference; lastKnownFileType = file.storyboard; name = Base; path = Base.lproj/LaunchScreen.storyboard; sourceTree = "<group>"; };
		84885A8D2081169100835F46 /* Info.plist */ = {isa = PBXFileReference; lastKnownFileType = text.plist.xml; path = Info.plist; sourceTree = "<group>"; };
		84885A9520811BC800835F46 /* GenericInfoTableViewData.swift */ = {isa = PBXFileReference; lastKnownFileType = sourcecode.swift; path = GenericInfoTableViewData.swift; sourceTree = "<group>"; };
		84885A9820811C3800835F46 /* BasicInfoSelectionCell.swift */ = {isa = PBXFileReference; lastKnownFileType = sourcecode.swift; path = BasicInfoSelectionCell.swift; sourceTree = "<group>"; };
		84885A9C20811D0700835F46 /* GenericInfoSelectionViewController.swift */ = {isa = PBXFileReference; lastKnownFileType = sourcecode.swift; path = GenericInfoSelectionViewController.swift; sourceTree = "<group>"; };
		84885A9F20811E6900835F46 /* Gender.swift */ = {isa = PBXFileReference; lastKnownFileType = sourcecode.swift; path = Gender.swift; sourceTree = "<group>"; };
		84885AA120811E7300835F46 /* RelationshipStatus.swift */ = {isa = PBXFileReference; lastKnownFileType = sourcecode.swift; path = RelationshipStatus.swift; sourceTree = "<group>"; };
		84885AA320811E7C00835F46 /* Ethnicity.swift */ = {isa = PBXFileReference; lastKnownFileType = sourcecode.swift; path = Ethnicity.swift; sourceTree = "<group>"; };
		84885AA520811E8500835F46 /* Hobby.swift */ = {isa = PBXFileReference; lastKnownFileType = sourcecode.swift; path = Hobby.swift; sourceTree = "<group>"; };
		84885AAB2081210D00835F46 /* HobbySelectionViewController.swift */ = {isa = PBXFileReference; lastKnownFileType = sourcecode.swift; path = HobbySelectionViewController.swift; sourceTree = "<group>"; };
		84885AAD2081212000835F46 /* EthnicitySelectionViewController.swift */ = {isa = PBXFileReference; lastKnownFileType = sourcecode.swift; path = EthnicitySelectionViewController.swift; sourceTree = "<group>"; };
		84885AAF2081213000835F46 /* RelationshipStatusSelectionViewController.swift */ = {isa = PBXFileReference; lastKnownFileType = sourcecode.swift; path = RelationshipStatusSelectionViewController.swift; sourceTree = "<group>"; };
		84885AB12081214100835F46 /* GenderSelectionViewController.swift */ = {isa = PBXFileReference; lastKnownFileType = sourcecode.swift; path = GenderSelectionViewController.swift; sourceTree = "<group>"; };
		84885AB3208121F600835F46 /* HobbyTableViewData.swift */ = {isa = PBXFileReference; lastKnownFileType = sourcecode.swift; path = HobbyTableViewData.swift; sourceTree = "<group>"; };
		84885AB52081220800835F46 /* EthnicityTableViewData.swift */ = {isa = PBXFileReference; lastKnownFileType = sourcecode.swift; path = EthnicityTableViewData.swift; sourceTree = "<group>"; };
		84885AB72081221500835F46 /* RelationshipStatusTableViewData.swift */ = {isa = PBXFileReference; lastKnownFileType = sourcecode.swift; path = RelationshipStatusTableViewData.swift; sourceTree = "<group>"; };
		84885AB92081221F00835F46 /* GenderTableViewData.swift */ = {isa = PBXFileReference; lastKnownFileType = sourcecode.swift; path = GenderTableViewData.swift; sourceTree = "<group>"; };
/* End PBXFileReference section */

/* Begin PBXFrameworksBuildPhase section */
		84885A7B2081169100835F46 /* Frameworks */ = {
			isa = PBXFrameworksBuildPhase;
			buildActionMask = 2147483647;
			files = (
			);
			runOnlyForDeploymentPostprocessing = 0;
		};
/* End PBXFrameworksBuildPhase section */

/* Begin PBXGroup section */
		847299FC2081322200702369 /* ViewController */ = {
			isa = PBXGroup;
			children = (
				84885A832081169100835F46 /* ViewController.swift */,
				847299FD2081324200702369 /* Extensions.swift */,
			);
			path = ViewController;
			sourceTree = "<group>";
		};
		84885A752081169100835F46 = {
			isa = PBXGroup;
			children = (
				84885A802081169100835F46 /* GenericInfoSelectionViewController */,
				84885A7F2081169100835F46 /* Products */,
			);
			sourceTree = "<group>";
		};
		84885A7F2081169100835F46 /* Products */ = {
			isa = PBXGroup;
			children = (
				84885A7E2081169100835F46 /* GenericInfoSelectionViewController.app */,
			);
			name = Products;
			sourceTree = "<group>";
		};
		84885A802081169100835F46 /* GenericInfoSelectionViewController */ = {
			isa = PBXGroup;
			children = (
				847299FC2081322200702369 /* ViewController */,
				84885A9320811BA900835F46 /* InfoSelectionViewController */,
				84885A812081169100835F46 /* AppDelegate.swift */,
				84885A852081169100835F46 /* Main.storyboard */,
				84885A882081169100835F46 /* Assets.xcassets */,
				84885A8A2081169100835F46 /* LaunchScreen.storyboard */,
				84885A8D2081169100835F46 /* Info.plist */,
			);
			path = GenericInfoSelectionViewController;
			sourceTree = "<group>";
		};
		84885A9320811BA900835F46 /* InfoSelectionViewController */ = {
			isa = PBXGroup;
			children = (
				84885A9E20811E5500835F46 /* Enums */,
				84885A9A20811CB700835F46 /* ViewControllers */,
				84885A9720811C1C00835F46 /* Cell */,
				84885A9420811BB600835F46 /* Protocols */,
			);
			path = InfoSelectionViewController;
			sourceTree = "<group>";
		};
		84885A9420811BB600835F46 /* Protocols */ = {
			isa = PBXGroup;
			children = (
				84885A9520811BC800835F46 /* GenericInfoTableViewData.swift */,
			);
			path = Protocols;
			sourceTree = "<group>";
		};
		84885A9720811C1C00835F46 /* Cell */ = {
			isa = PBXGroup;
			children = (
				84885A9820811C3800835F46 /* BasicInfoSelectionCell.swift */,
			);
			path = Cell;
			sourceTree = "<group>";
		};
		84885A9A20811CB700835F46 /* ViewControllers */ = {
			isa = PBXGroup;
			children = (
				84885A9B20811CC000835F46 /* Base */,
				84885AAA2081209F00835F46 /* HobbySelectionViewController */,
				84885AA92081209500835F46 /* EthnicitySelectionViewController */,
				84885AA82081208700835F46 /* RelationshipStatusSelectionViewController */,
				84885AA72081207B00835F46 /* GenderSelectionViewController */,
			);
			path = ViewControllers;
			sourceTree = "<group>";
		};
		84885A9B20811CC000835F46 /* Base */ = {
			isa = PBXGroup;
			children = (
				84885A9C20811D0700835F46 /* GenericInfoSelectionViewController.swift */,
			);
			path = Base;
			sourceTree = "<group>";
		};
		84885A9E20811E5500835F46 /* Enums */ = {
			isa = PBXGroup;
			children = (
				84885A9F20811E6900835F46 /* Gender.swift */,
				84885AA120811E7300835F46 /* RelationshipStatus.swift */,
				84885AA320811E7C00835F46 /* Ethnicity.swift */,
				84885AA520811E8500835F46 /* Hobby.swift */,
			);
			path = Enums;
			sourceTree = "<group>";
		};
		84885AA72081207B00835F46 /* GenderSelectionViewController */ = {
			isa = PBXGroup;
			children = (
				84885AB12081214100835F46 /* GenderSelectionViewController.swift */,
				84885AB92081221F00835F46 /* GenderTableViewData.swift */,
			);
			path = GenderSelectionViewController;
			sourceTree = "<group>";
		};
		84885AA82081208700835F46 /* RelationshipStatusSelectionViewController */ = {
			isa = PBXGroup;
			children = (
				84885AAF2081213000835F46 /* RelationshipStatusSelectionViewController.swift */,
				84885AB72081221500835F46 /* RelationshipStatusTableViewData.swift */,
			);
			path = RelationshipStatusSelectionViewController;
			sourceTree = "<group>";
		};
		84885AA92081209500835F46 /* EthnicitySelectionViewController */ = {
			isa = PBXGroup;
			children = (
				84885AAD2081212000835F46 /* EthnicitySelectionViewController.swift */,
				84885AB52081220800835F46 /* EthnicityTableViewData.swift */,
			);
			path = EthnicitySelectionViewController;
			sourceTree = "<group>";
		};
		84885AAA2081209F00835F46 /* HobbySelectionViewController */ = {
			isa = PBXGroup;
			children = (
				84885AAB2081210D00835F46 /* HobbySelectionViewController.swift */,
				84885AB3208121F600835F46 /* HobbyTableViewData.swift */,
			);
			path = HobbySelectionViewController;
			sourceTree = "<group>";
		};
/* End PBXGroup section */

/* Begin PBXNativeTarget section */
		84885A7D2081169100835F46 /* GenericInfoSelectionViewController */ = {
			isa = PBXNativeTarget;
			buildConfigurationList = 84885A902081169100835F46 /* Build configuration list for PBXNativeTarget "GenericInfoSelectionViewController" */;
			buildPhases = (
				84885A7A2081169100835F46 /* Sources */,
				84885A7B2081169100835F46 /* Frameworks */,
				84885A7C2081169100835F46 /* Resources */,
			);
			buildRules = (
			);
			dependencies = (
			);
			name = GenericInfoSelectionViewController;
			productName = GenericInfoSelectionViewController;
			productReference = 84885A7E2081169100835F46 /* GenericInfoSelectionViewController.app */;
			productType = "com.apple.product-type.application";
		};
/* End PBXNativeTarget section */

/* Begin PBXProject section */
		84885A762081169100835F46 /* Project object */ = {
			isa = PBXProject;
			attributes = {
				LastSwiftUpdateCheck = 0920;
				LastUpgradeCheck = 0920;
				ORGANIZATIONNAME = "Tung Vo";
				TargetAttributes = {
					84885A7D2081169100835F46 = {
						CreatedOnToolsVersion = 9.2;
						ProvisioningStyle = Automatic;
					};
				};
			};
			buildConfigurationList = 84885A792081169100835F46 /* Build configuration list for PBXProject "GenericInfoSelectionViewController" */;
			compatibilityVersion = "Xcode 8.0";
			developmentRegion = en;
			hasScannedForEncodings = 0;
			knownRegions = (
				en,
				Base,
			);
			mainGroup = 84885A752081169100835F46;
			productRefGroup = 84885A7F2081169100835F46 /* Products */;
			projectDirPath = "";
			projectRoot = "";
			targets = (
				84885A7D2081169100835F46 /* GenericInfoSelectionViewController */,
			);
		};
/* End PBXProject section */

/* Begin PBXResourcesBuildPhase section */
		84885A7C2081169100835F46 /* Resources */ = {
			isa = PBXResourcesBuildPhase;
			buildActionMask = 2147483647;
			files = (
				84885A8C2081169100835F46 /* LaunchScreen.storyboard in Resources */,
				84885A892081169100835F46 /* Assets.xcassets in Resources */,
				84885A872081169100835F46 /* Main.storyboard in Resources */,
			);
			runOnlyForDeploymentPostprocessing = 0;
		};
/* End PBXResourcesBuildPhase section */

/* Begin PBXSourcesBuildPhase section */
		84885A7A2081169100835F46 /* Sources */ = {
			isa = PBXSourcesBuildPhase;
			buildActionMask = 2147483647;
			files = (
				84885AA020811E6900835F46 /* Gender.swift in Sources */,
				847299FE2081324200702369 /* Extensions.swift in Sources */,
				84885A842081169100835F46 /* ViewController.swift in Sources */,
				84885AA220811E7300835F46 /* RelationshipStatus.swift in Sources */,
				84885AB82081221500835F46 /* RelationshipStatusTableViewData.swift in Sources */,
				84885AA620811E8500835F46 /* Hobby.swift in Sources */,
				84885AAE2081212000835F46 /* EthnicitySelectionViewController.swift in Sources */,
				84885AB02081213000835F46 /* RelationshipStatusSelectionViewController.swift in Sources */,
				84885AB62081220800835F46 /* EthnicityTableViewData.swift in Sources */,
				84885AAC2081210D00835F46 /* HobbySelectionViewController.swift in Sources */,
				84885AB22081214100835F46 /* GenderSelectionViewController.swift in Sources */,
				84885AA420811E7C00835F46 /* Ethnicity.swift in Sources */,
				84885ABA2081221F00835F46 /* GenderTableViewData.swift in Sources */,
				84885A9620811BC800835F46 /* GenericInfoTableViewData.swift in Sources */,
				84885A9D20811D0700835F46 /* GenericInfoSelectionViewController.swift in Sources */,
				84885A822081169100835F46 /* AppDelegate.swift in Sources */,
				84885AB4208121F600835F46 /* HobbyTableViewData.swift in Sources */,
				84885A9920811C3800835F46 /* BasicInfoSelectionCell.swift in Sources */,
			);
			runOnlyForDeploymentPostprocessing = 0;
		};
/* End PBXSourcesBuildPhase section */

/* Begin PBXVariantGroup section */
		84885A852081169100835F46 /* Main.storyboard */ = {
			isa = PBXVariantGroup;
			children = (
				84885A862081169100835F46 /* Base */,
			);
			name = Main.storyboard;
			sourceTree = "<group>";
		};
		84885A8A2081169100835F46 /* LaunchScreen.storyboard */ = {
			isa = PBXVariantGroup;
			children = (
				84885A8B2081169100835F46 /* Base */,
			);
			name = LaunchScreen.storyboard;
			sourceTree = "<group>";
		};
/* End PBXVariantGroup section */

/* Begin XCBuildConfiguration section */
		84885A8E2081169100835F46 /* Debug */ = {
			isa = XCBuildConfiguration;
			buildSettings = {
				ALWAYS_SEARCH_USER_PATHS = NO;
				CLANG_ANALYZER_NONNULL = YES;
				CLANG_ANALYZER_NUMBER_OBJECT_CONVERSION = YES_AGGRESSIVE;
				CLANG_CXX_LANGUAGE_STANDARD = "gnu++14";
				CLANG_CXX_LIBRARY = "libc++";
				CLANG_ENABLE_MODULES = YES;
				CLANG_ENABLE_OBJC_ARC = YES;
				CLANG_WARN_BLOCK_CAPTURE_AUTORELEASING = YES;
				CLANG_WARN_BOOL_CONVERSION = YES;
				CLANG_WARN_COMMA = YES;
				CLANG_WARN_CONSTANT_CONVERSION = YES;
				CLANG_WARN_DIRECT_OBJC_ISA_USAGE = YES_ERROR;
				CLANG_WARN_DOCUMENTATION_COMMENTS = YES;
				CLANG_WARN_EMPTY_BODY = YES;
				CLANG_WARN_ENUM_CONVERSION = YES;
				CLANG_WARN_INFINITE_RECURSION = YES;
				CLANG_WARN_INT_CONVERSION = YES;
				CLANG_WARN_NON_LITERAL_NULL_CONVERSION = YES;
				CLANG_WARN_OBJC_LITERAL_CONVERSION = YES;
				CLANG_WARN_OBJC_ROOT_CLASS = YES_ERROR;
				CLANG_WARN_RANGE_LOOP_ANALYSIS = YES;
				CLANG_WARN_STRICT_PROTOTYPES = YES;
				CLANG_WARN_SUSPICIOUS_MOVE = YES;
				CLANG_WARN_UNGUARDED_AVAILABILITY = YES_AGGRESSIVE;
				CLANG_WARN_UNREACHABLE_CODE = YES;
				CLANG_WARN__DUPLICATE_METHOD_MATCH = YES;
				CODE_SIGN_IDENTITY = "iPhone Developer";
				COPY_PHASE_STRIP = NO;
				DEBUG_INFORMATION_FORMAT = dwarf;
				ENABLE_STRICT_OBJC_MSGSEND = YES;
				ENABLE_TESTABILITY = YES;
				GCC_C_LANGUAGE_STANDARD = gnu11;
				GCC_DYNAMIC_NO_PIC = NO;
				GCC_NO_COMMON_BLOCKS = YES;
				GCC_OPTIMIZATION_LEVEL = 0;
				GCC_PREPROCESSOR_DEFINITIONS = (
					"DEBUG=1",
					"$(inherited)",
				);
				GCC_WARN_64_TO_32_BIT_CONVERSION = YES;
				GCC_WARN_ABOUT_RETURN_TYPE = YES_ERROR;
				GCC_WARN_UNDECLARED_SELECTOR = YES;
				GCC_WARN_UNINITIALIZED_AUTOS = YES_AGGRESSIVE;
				GCC_WARN_UNUSED_FUNCTION = YES;
				GCC_WARN_UNUSED_VARIABLE = YES;
				IPHONEOS_DEPLOYMENT_TARGET = 11.2;
				MTL_ENABLE_DEBUG_INFO = YES;
				ONLY_ACTIVE_ARCH = YES;
				SDKROOT = iphoneos;
				SWIFT_ACTIVE_COMPILATION_CONDITIONS = DEBUG;
				SWIFT_OPTIMIZATION_LEVEL = "-Onone";
			};
			name = Debug;
		};
		84885A8F2081169100835F46 /* Release */ = {
			isa = XCBuildConfiguration;
			buildSettings = {
				ALWAYS_SEARCH_USER_PATHS = NO;
				CLANG_ANALYZER_NONNULL = YES;
				CLANG_ANALYZER_NUMBER_OBJECT_CONVERSION = YES_AGGRESSIVE;
				CLANG_CXX_LANGUAGE_STANDARD = "gnu++14";
				CLANG_CXX_LIBRARY = "libc++";
				CLANG_ENABLE_MODULES = YES;
				CLANG_ENABLE_OBJC_ARC = YES;
				CLANG_WARN_BLOCK_CAPTURE_AUTORELEASING = YES;
				CLANG_WARN_BOOL_CONVERSION = YES;
				CLANG_WARN_COMMA = YES;
				CLANG_WARN_CONSTANT_CONVERSION = YES;
				CLANG_WARN_DIRECT_OBJC_ISA_USAGE = YES_ERROR;
				CLANG_WARN_DOCUMENTATION_COMMENTS = YES;
				CLANG_WARN_EMPTY_BODY = YES;
				CLANG_WARN_ENUM_CONVERSION = YES;
				CLANG_WARN_INFINITE_RECURSION = YES;
				CLANG_WARN_INT_CONVERSION = YES;
				CLANG_WARN_NON_LITERAL_NULL_CONVERSION = YES;
				CLANG_WARN_OBJC_LITERAL_CONVERSION = YES;
				CLANG_WARN_OBJC_ROOT_CLASS = YES_ERROR;
				CLANG_WARN_RANGE_LOOP_ANALYSIS = YES;
				CLANG_WARN_STRICT_PROTOTYPES = YES;
				CLANG_WARN_SUSPICIOUS_MOVE = YES;
				CLANG_WARN_UNGUARDED_AVAILABILITY = YES_AGGRESSIVE;
				CLANG_WARN_UNREACHABLE_CODE = YES;
				CLANG_WARN__DUPLICATE_METHOD_MATCH = YES;
				CODE_SIGN_IDENTITY = "iPhone Developer";
				COPY_PHASE_STRIP = NO;
				DEBUG_INFORMATION_FORMAT = "dwarf-with-dsym";
				ENABLE_NS_ASSERTIONS = NO;
				ENABLE_STRICT_OBJC_MSGSEND = YES;
				GCC_C_LANGUAGE_STANDARD = gnu11;
				GCC_NO_COMMON_BLOCKS = YES;
				GCC_WARN_64_TO_32_BIT_CONVERSION = YES;
				GCC_WARN_ABOUT_RETURN_TYPE = YES_ERROR;
				GCC_WARN_UNDECLARED_SELECTOR = YES;
				GCC_WARN_UNINITIALIZED_AUTOS = YES_AGGRESSIVE;
				GCC_WARN_UNUSED_FUNCTION = YES;
				GCC_WARN_UNUSED_VARIABLE = YES;
				IPHONEOS_DEPLOYMENT_TARGET = 11.2;
				MTL_ENABLE_DEBUG_INFO = NO;
				SDKROOT = iphoneos;
				SWIFT_OPTIMIZATION_LEVEL = "-Owholemodule";
				VALIDATE_PRODUCT = YES;
			};
			name = Release;
		};
		84885A912081169100835F46 /* Debug */ = {
			isa = XCBuildConfiguration;
			buildSettings = {
				ASSETCATALOG_COMPILER_APPICON_NAME = AppIcon;
				CODE_SIGN_STYLE = Automatic;
				DEVELOPMENT_TEAM = HN326H5A7V;
				INFOPLIST_FILE = GenericInfoSelectionViewController/Info.plist;
				LD_RUNPATH_SEARCH_PATHS = "$(inherited) @executable_path/Frameworks";
				PRODUCT_BUNDLE_IDENTIFIER = tungvo.GenericInfoSelectionViewController;
				PRODUCT_NAME = "$(TARGET_NAME)";
				SWIFT_VERSION = 4.0;
				TARGETED_DEVICE_FAMILY = "1,2";
			};
			name = Debug;
		};
		84885A922081169100835F46 /* Release */ = {
			isa = XCBuildConfiguration;
			buildSettings = {
				ASSETCATALOG_COMPILER_APPICON_NAME = AppIcon;
				CODE_SIGN_STYLE = Automatic;
				DEVELOPMENT_TEAM = HN326H5A7V;
				INFOPLIST_FILE = GenericInfoSelectionViewController/Info.plist;
				LD_RUNPATH_SEARCH_PATHS = "$(inherited) @executable_path/Frameworks";
				PRODUCT_BUNDLE_IDENTIFIER = tungvo.GenericInfoSelectionViewController;
				PRODUCT_NAME = "$(TARGET_NAME)";
				SWIFT_VERSION = 4.0;
				TARGETED_DEVICE_FAMILY = "1,2";
			};
			name = Release;
		};
/* End XCBuildConfiguration section */

/* Begin XCConfigurationList section */
		84885A792081169100835F46 /* Build configuration list for PBXProject "GenericInfoSelectionViewController" */ = {
			isa = XCConfigurationList;
			buildConfigurations = (
				84885A8E2081169100835F46 /* Debug */,
				84885A8F2081169100835F46 /* Release */,
			);
			defaultConfigurationIsVisible = 0;
			defaultConfigurationName = Release;
		};
		84885A902081169100835F46 /* Build configuration list for PBXNativeTarget "GenericInfoSelectionViewController" */ = {
			isa = XCConfigurationList;
			buildConfigurations = (
				84885A912081169100835F46 /* Debug */,
				84885A922081169100835F46 /* Release */,
			);
			defaultConfigurationIsVisible = 0;
			defaultConfigurationName = Release;
		};
/* End XCConfigurationList section */
	};
	rootObject = 84885A762081169100835F46 /* Project object */;
}
